# THIS IS AN AUTOGENERATED FILE. DO NOT EDIT THIS FILE DIRECTLY.
# yarn lockfile v1


"@d2n0s4ur/chzzk-chat@../d2n0s4ur-chzzk-chat-2.0.6.tgz":
  version "2.0.6"
  resolved "../d2n0s4ur-chzzk-chat-2.0.6.tgz#8a27ab1798bf55f9520d7d47161a1eb2ae8dcf0a"
  dependencies:
    ws "^8.16.0"

ws@^8.16.0:
  version "8.18.0"
  resolved "https://registry.yarnpkg.com/ws/-/ws-8.18.0.tgz#0d7505a6eafe2b0e712d232b42279f53bc289bbc"
  integrity sha512-8VbfWfHLbbwu3+N6OKsOMpBdT4kXPDDB9cJk2bJ6mh9ucxdlnNvH1e+roYkKmN9Nxw2yjz7VzeO9oOz2zJ04Pw==
